
Microsoft Visual Studio Solution File, Format Version 12.00
# Visual Studio Version 17
VisualStudioVersion = 17.5.002.0
MinimumVisualStudioVersion = 10.0.40219.1
Project("{9A19103F-16F7-4668-BE54-9A1E7A4F7556}") = "Jumoo.TranslationManager.OpenAi", "Jumoo.TranslationManager.OpenAi.csproj", "{48A27098-E859-4D58-9FE6-3F766AF8EFFF}"
EndProject
Global
	GlobalSection(SolutionConfigurationPlatforms) = preSolution
		Debug|Any CPU = Debug|Any CPU
		Release|Any CPU = Release|Any CPU
	EndGlobalSection
	GlobalSection(ProjectConfigurationPlatforms) = postSolution
		{48A27098-E859-4D58-9FE6-3F766AF8EFFF}.Debug|Any CPU.ActiveCfg = Debug|Any CPU
		{48A27098-E859-4D58-9FE6-3F766AF8EFFF}.Debug|Any CPU.Build.0 = Debug|Any CPU
		{48A27098-E859-4D58-9FE6-3F766AF8EFFF}.Release|Any CPU.ActiveCfg = Release|Any CPU
		{48A27098-E859-4D58-9FE6-3F766AF8EFFF}.Release|Any CPU.Build.0 = Release|Any CPU
	EndGlobalSection
	GlobalSection(SolutionProperties) = preSolution
		HideSolutionNode = FALSE
	EndGlobalSection
	GlobalSection(ExtensibilityGlobals) = postSolution
		SolutionGuid = {342B638C-7F9D-42E6-9C00-FCC0F6B2F234}
	EndGlobalSection
EndGlobal
